// !$*UTF8*$!
{
	archiveVersion = 1;
	classes = {
	};
	objectVersion = 56;
	objects = {

/* Begin PBXBuildFile section */
		D5BE8FC029AF309100B31F11 /* Verb0seBootApp.swift in Sources */ = {isa = PBXBuildFile; fileRef = D5BE8FBF29AF309100B31F11 /* Verb0seBootApp.swift */; };
		D5BE8FC229AF309100B31F11 /* ContentView.swift in Sources */ = {isa = PBXBuildFile; fileRef = D5BE8FC129AF309100B31F11 /* ContentView.swift */; };
		D5BE8FC429AF309300B31F11 /* Assets.xcassets in Resources */ = {isa = PBXBuildFile; fileRef = D5BE8FC329AF309300B31F11 /* Assets.xcassets */; };
		D5BE8FC729AF309300B31F11 /* Preview Assets.xcassets in Resources */ = {isa = PBXBuildFile; fileRef = D5BE8FC629AF309300B31F11 /* Preview Assets.xcassets */; };
		D5BE8FD129AF309300B31F11 /* Verb0seBootTests.swift in Sources */ = {isa = PBXBuildFile; fileRef = D5BE8FD029AF309300B31F11 /* Verb0seBootTests.swift */; };
		D5BE8FDB29AF309300B31F11 /* Verb0seBootUITests.swift in Sources */ = {isa = PBXBuildFile; fileRef = D5BE8FDA29AF309300B31F11 /* Verb0seBootUITests.swift */; };
		D5BE8FDD29AF309300B31F11 /* Verb0seBootUITestsLaunchTests.swift in Sources */ = {isa = PBXBuildFile; fileRef = D5BE8FDC29AF309300B31F11 /* Verb0seBootUITestsLaunchTests.swift */; };
		D5BE8FEA29AF318800B31F11 /* OS X Darwin.ttf in Resources */ = {isa = PBXBuildFile; fileRef = D5BE8FE929AF318700B31F11 /* OS X Darwin.ttf */; };
/* End PBXBuildFile section */

/* Begin PBXContainerItemProxy section */
		D5BE8FCD29AF309300B31F11 /* PBXContainerItemProxy */ = {
			isa = PBXContainerItemProxy;
			containerPortal = D5BE8FB429AF309100B31F11 /* Project object */;
			proxyType = 1;
			remoteGlobalIDString = D5BE8FBB29AF309100B31F11;
			remoteInfo = Verb0seBoot;
		};
		D5BE8FD729AF309300B31F11 /* PBXContainerItemProxy */ = {
			isa = PBXContainerItemProxy;
			containerPortal = D5BE8FB429AF309100B31F11 /* Project object */;
			proxyType = 1;
			remoteGlobalIDString = D5BE8FBB29AF309100B31F11;
			remoteInfo = Verb0seBoot;
		};
/* End PBXContainerItemProxy section */

/* Begin PBXFileReference section */
		D5BE8FBC29AF309100B31F11 /* Verb0seBoot.app */ = {isa = PBXFileReference; explicitFileType = wrapper.application; includeInIndex = 0; path = Verb0seBoot.app; sourceTree = BUILT_PRODUCTS_DIR; };
		D5BE8FBF29AF309100B31F11 /* Verb0seBootApp.swift */ = {isa = PBXFileReference; lastKnownFileType = sourcecode.swift; path = Verb0seBootApp.swift; sourceTree = "<group>"; };
		D5BE8FC129AF309100B31F11 /* ContentView.swift */ = {isa = PBXFileReference; lastKnownFileType = sourcecode.swift; path = ContentView.swift; sourceTree = "<group>"; };
		D5BE8FC329AF309300B31F11 /* Assets.xcassets */ = {isa = PBXFileReference; lastKnownFileType = folder.assetcatalog; path = Assets.xcassets; sourceTree = "<group>"; };
		D5BE8FC629AF309300B31F11 /* Preview Assets.xcassets */ = {isa = PBXFileReference; lastKnownFileType = folder.assetcatalog; path = "Preview Assets.xcassets"; sourceTree = "<group>"; };
		D5BE8FCC29AF309300B31F11 /* Verb0seBootTests.xctest */ = {isa = PBXFileReference; explicitFileType = wrapper.cfbundle; includeInIndex = 0; path = Verb0seBootTests.xctest; sourceTree = BUILT_PRODUCTS_DIR; };
		D5BE8FD029AF309300B31F11 /* Verb0seBootTests.swift */ = {isa = PBXFileReference; lastKnownFileType = sourcecode.swift; path = Verb0seBootTests.swift; sourceTree = "<group>"; };
		D5BE8FD629AF309300B31F11 /* Verb0seBootUITests.xctest */ = {isa = PBXFileReference; explicitFileType = wrapper.cfbundle; includeInIndex = 0; path = Verb0seBootUITests.xctest; sourceTree = BUILT_PRODUCTS_DIR; };
		D5BE8FDA29AF309300B31F11 /* Verb0seBootUITests.swift */ = {isa = PBXFileReference; lastKnownFileType = sourcecode.swift; path = Verb0seBootUITests.swift; sourceTree = "<group>"; };
		D5BE8FDC29AF309300B31F11 /* Verb0seBootUITestsLaunchTests.swift */ = {isa = PBXFileReference; lastKnownFileType = sourcecode.swift; path = Verb0seBootUITestsLaunchTests.swift; sourceTree = "<group>"; };
		D5BE8FE929AF318700B31F11 /* OS X Darwin.ttf */ = {isa = PBXFileReference; lastKnownFileType = file; path = "OS X Darwin.ttf"; sourceTree = "<group>"; };
		D5BE8FEB29AF319B00B31F11 /* Info.plist */ = {isa = PBXFileReference; lastKnownFileType = text.plist; path = Info.plist; sourceTree = "<group>"; };
/* End PBXFileReference section */

/* Begin PBXFrameworksBuildPhase section */
		D5BE8FB929AF309100B31F11 /* Frameworks */ = {
			isa = PBXFrameworksBuildPhase;
			buildActionMask = 2147483647;
			files = (
			);
			runOnlyForDeploymentPostprocessing = 0;
		};
		D5BE8FC929AF309300B31F11 /* Frameworks */ = {
			isa = PBXFrameworksBuildPhase;
			buildActionMask = 2147483647;
			files = (
			);
			runOnlyForDeploymentPostprocessing = 0;
		};
		D5BE8FD329AF309300B31F11 /* Frameworks */ = {
			isa = PBXFrameworksBuildPhase;
			buildActionMask = 2147483647;
			files = (
			);
			runOnlyForDeploymentPostprocessing = 0;
		};
/* End PBXFrameworksBuildPhase section */

/* Begin PBXGroup section */
		D5BE8FB329AF309100B31F11 = {
			isa = PBXGroup;
			children = (
				D5BE8FBE29AF309100B31F11 /* Verb0seBoot */,
				D5BE8FCF29AF309300B31F11 /* Verb0seBootTests */,
				D5BE8FD929AF309300B31F11 /* Verb0seBootUITests */,
				D5BE8FBD29AF309100B31F11 /* Products */,
			);
			sourceTree = "<group>";
		};
		D5BE8FBD29AF309100B31F11 /* Products */ = {
			isa = PBXGroup;
			children = (
				D5BE8FBC29AF309100B31F11 /* Verb0seBoot.app */,
				D5BE8FCC29AF309300B31F11 /* Verb0seBootTests.xctest */,
				D5BE8FD629AF309300B31F11 /* Verb0seBootUITests.xctest */,
			);
			name = Products;
			sourceTree = "<group>";
		};
		D5BE8FBE29AF309100B31F11 /* Verb0seBoot */ = {
			isa = PBXGroup;
			children = (
				D5BE8FEB29AF319B00B31F11 /* Info.plist */,
				D5BE8FE929AF318700B31F11 /* OS X Darwin.ttf */,
				D5BE8FBF29AF309100B31F11 /* Verb0seBootApp.swift */,
				D5BE8FC129AF309100B31F11 /* ContentView.swift */,
				D5BE8FC329AF309300B31F11 /* Assets.xcassets */,
				D5BE8FC529AF309300B31F11 /* Preview Content */,
			);
			path = Verb0seBoot;
			sourceTree = "<group>";
		};
		D5BE8FC529AF309300B31F11 /* Preview Content */ = {
			isa = PBXGroup;
			children = (
				D5BE8FC629AF309300B31F11 /* Preview Assets.xcassets */,
			);
			path = "Preview Content";
			sourceTree = "<group>";
		};
		D5BE8FCF29AF309300B31F11 /* Verb0seBootTests */ = {
			isa = PBXGroup;
			children = (
				D5BE8FD029AF309300B31F11 /* Verb0seBootTests.swift */,
			);
			path = Verb0seBootTests;
			sourceTree = "<group>";
		};
		D5BE8FD929AF309300B31F11 /* Verb0seBootUITests */ = {
			isa = PBXGroup;
			children = (
				D5BE8FDA29AF309300B31F11 /* Verb0seBootUITests.swift */,
				D5BE8FDC29AF309300B31F11 /* Verb0seBootUITestsLaunchTests.swift */,
			);
			path = Verb0seBootUITests;
			sourceTree = "<group>";
		};
/* End PBXGroup section */

/* Begin PBXNativeTarget section */
		D5BE8FBB29AF309100B31F11 /* Verb0seBoot */ = {
			isa = PBXNativeTarget;
			buildConfigurationList = D5BE8FE029AF309300B31F11 /* Build configuration list for PBXNativeTarget "Verb0seBoot" */;
			buildPhases = (
				D5BE8FB829AF309100B31F11 /* Sources */,
				D5BE8FB929AF309100B31F11 /* Frameworks */,
				D5BE8FBA29AF309100B31F11 /* Resources */,
			);
			buildRules = (
			);
			dependencies = (
			);
			name = Verb0seBoot;
			productName = Verb0seBoot;
			productReference = D5BE8FBC29AF309100B31F11 /* Verb0seBoot.app */;
			productType = "com.apple.product-type.application";
		};
		D5BE8FCB29AF309300B31F11 /* Verb0seBootTests */ = {
			isa = PBXNativeTarget;
			buildConfigurationList = D5BE8FE329AF309300B31F11 /* Build configuration list for PBXNativeTarget "Verb0seBootTests" */;
			buildPhases = (
				D5BE8FC829AF309300B31F11 /* Sources */,
				D5BE8FC929AF309300B31F11 /* Frameworks */,
				D5BE8FCA29AF309300B31F11 /* Resources */,
			);
			buildRules = (
			);
			dependencies = (
				D5BE8FCE29AF309300B31F11 /* PBXTargetDependency */,
			);
			name = Verb0seBootTests;
			productName = Verb0seBootTests;
			productReference = D5BE8FCC29AF309300B31F11 /* Verb0seBootTests.xctest */;
			productType = "com.apple.product-type.bundle.unit-test";
		};
		D5BE8FD529AF309300B31F11 /* Verb0seBootUITests */ = {
			isa = PBXNativeTarget;
			buildConfigurationList = D5BE8FE629AF309300B31F11 /* Build configuration list for PBXNativeTarget "Verb0seBootUITests" */;
			buildPhases = (
				D5BE8FD229AF309300B31F11 /* Sources */,
				D5BE8FD329AF309300B31F11 /* Frameworks */,
				D5BE8FD429AF309300B31F11 /* Resources */,
			);
			buildRules = (
			);
			dependencies = (
				D5BE8FD829AF309300B31F11 /* PBXTargetDependency */,
			);
			name = Verb0seBootUITests;
			productName = Verb0seBootUITests;
			productReference = D5BE8FD629AF309300B31F11 /* Verb0seBootUITests.xctest */;
			productType = "com.apple.product-type.bundle.ui-testing";
		};
/* End PBXNativeTarget section */

/* Begin PBXProject section */
		D5BE8FB429AF309100B31F11 /* Project object */ = {
			isa = PBXProject;
			attributes = {
				BuildIndependentTargetsInParallel = 1;
				LastSwiftUpdateCheck = 1420;
				LastUpgradeCheck = 1420;
				TargetAttributes = {
					D5BE8FBB29AF309100B31F11 = {
						CreatedOnToolsVersion = 14.2;
					};
					D5BE8FCB29AF309300B31F11 = {
						CreatedOnToolsVersion = 14.2;
						TestTargetID = D5BE8FBB29AF309100B31F11;
					};
					D5BE8FD529AF309300B31F11 = {
						CreatedOnToolsVersion = 14.2;
						TestTargetID = D5BE8FBB29AF309100B31F11;
					};
				};
			};
			buildConfigurationList = D5BE8FB729AF309100B31F11 /* Build configuration list for PBXProject "Verb0seBoot" */;
			compatibilityVersion = "Xcode 14.0";
			developmentRegion = en;
			hasScannedForEncodings = 0;
			knownRegions = (
				en,
				Base,
			);
			mainGroup = D5BE8FB329AF309100B31F11;
			productRefGroup = D5BE8FBD29AF309100B31F11 /* Products */;
			projectDirPath = "";
			projectRoot = "";
			targets = (
				D5BE8FBB29AF309100B31F11 /* Verb0seBoot */,
				D5BE8FCB29AF309300B31F11 /* Verb0seBootTests */,
				D5BE8FD529AF309300B31F11 /* Verb0seBootUITests */,
			);
		};
/* End PBXProject section */

/* Begin PBXResourcesBuildPhase section */
		D5BE8FBA29AF309100B31F11 /* Resources */ = {
			isa = PBXResourcesBuildPhase;
			buildActionMask = 2147483647;
			files = (
				D5BE8FC729AF309300B31F11 /* Preview Assets.xcassets in Resources */,
				D5BE8FC429AF309300B31F11 /* Assets.xcassets in Resources */,
				D5BE8FEA29AF318800B31F11 /* OS X Darwin.ttf in Resources */,
			);
			runOnlyForDeploymentPostprocessing = 0;
		};
		D5BE8FCA29AF309300B31F11 /* Resources */ = {
			isa = PBXResourcesBuildPhase;
			buildActionMask = 2147483647;
			files = (
			);
			runOnlyForDeploymentPostprocessing = 0;
		};
		D5BE8FD429AF309300B31F11 /* Resources */ = {
			isa = PBXResourcesBuildPhase;
			buildActionMask = 2147483647;
			files = (
			);
			runOnlyForDeploymentPostprocessing = 0;
		};
/* End PBXResourcesBuildPhase section */

/* Begin PBXSourcesBuildPhase section */
		D5BE8FB829AF309100B31F11 /* Sources */ = {
			isa = PBXSourcesBuildPhase;
			buildActionMask = 2147483647;
			files = (
				D5BE8FC229AF309100B31F11 /* ContentView.swift in Sources */,
				D5BE8FC029AF309100B31F11 /* Verb0seBootApp.swift in Sources */,
			);
			runOnlyForDeploymentPostprocessing = 0;
		};
		D5BE8FC829AF309300B31F11 /* Sources */ = {
			isa = PBXSourcesBuildPhase;
			buildActionMask = 2147483647;
			files = (
				D5BE8FD129AF309300B31F11 /* Verb0seBootTests.swift in Sources */,
			);
			runOnlyForDeploymentPostprocessing = 0;
		};
		D5BE8FD229AF309300B31F11 /* Sources */ = {
			isa = PBXSourcesBuildPhase;
			buildActionMask = 2147483647;
			files = (
				D5BE8FDD29AF309300B31F11 /* Verb0seBootUITestsLaunchTests.swift in Sources */,
				D5BE8FDB29AF309300B31F11 /* Verb0seBootUITests.swift in Sources */,
			);
			runOnlyForDeploymentPostprocessing = 0;
		};
/* End PBXSourcesBuildPhase section */

/* Begin PBXTargetDependency section */
		D5BE8FCE29AF309300B31F11 /* PBXTargetDependency */ = {
			isa = PBXTargetDependency;
			target = D5BE8FBB29AF309100B31F11 /* Verb0seBoot */;
			targetProxy = D5BE8FCD29AF309300B31F11 /* PBXContainerItemProxy */;
		};
		D5BE8FD829AF309300B31F11 /* PBXTargetDependency */ = {
			isa = PBXTargetDependency;
			target = D5BE8FBB29AF309100B31F11 /* Verb0seBoot */;
			targetProxy = D5BE8FD729AF309300B31F11 /* PBXContainerItemProxy */;
		};
/* End PBXTargetDependency section */

/* Begin XCBuildConfiguration section */
		D5BE8FDE29AF309300B31F11 /* Debug */ = {
			isa = XCBuildConfiguration;
			buildSettings = {
				ALWAYS_SEARCH_USER_PATHS = NO;
				CLANG_ANALYZER_NONNULL = YES;
				CLANG_ANALYZER_NUMBER_OBJECT_CONVERSION = YES_AGGRESSIVE;
				CLANG_CXX_LANGUAGE_STANDARD = "gnu++20";
				CLANG_ENABLE_MODULES = YES;
				CLANG_ENABLE_OBJC_ARC = YES;
				CLANG_ENABLE_OBJC_WEAK = YES;
				CLANG_WARN_BLOCK_CAPTURE_AUTORELEASING = YES;
				CLANG_WARN_BOOL_CONVERSION = YES;
				CLANG_WARN_COMMA = YES;
				CLANG_WARN_CONSTANT_CONVERSION = YES;
				CLANG_WARN_DEPRECATED_OBJC_IMPLEMENTATIONS = YES;
				CLANG_WARN_DIRECT_OBJC_ISA_USAGE = YES_ERROR;
				CLANG_WARN_DOCUMENTATION_COMMENTS = YES;
				CLANG_WARN_EMPTY_BODY = YES;
				CLANG_WARN_ENUM_CONVERSION = YES;
				CLANG_WARN_INFINITE_RECURSION = YES;
				CLANG_WARN_INT_CONVERSION = YES;
				CLANG_WARN_NON_LITERAL_NULL_CONVERSION = YES;
				CLANG_WARN_OBJC_IMPLICIT_RETAIN_SELF = YES;
				CLANG_WARN_OBJC_LITERAL_CONVERSION = YES;
				CLANG_WARN_OBJC_ROOT_CLASS = YES_ERROR;
				CLANG_WARN_QUOTED_INCLUDE_IN_FRAMEWORK_HEADER = YES;
				CLANG_WARN_RANGE_LOOP_ANALYSIS = YES;
				CLANG_WARN_STRICT_PROTOTYPES = YES;
				CLANG_WARN_SUSPICIOUS_MOVE = YES;
				CLANG_WARN_UNGUARDED_AVAILABILITY = YES_AGGRESSIVE;
				CLANG_WARN_UNREACHABLE_CODE = YES;
				CLANG_WARN__DUPLICATE_METHOD_MATCH = YES;
				COPY_PHASE_STRIP = NO;
				DEBUG_INFORMATION_FORMAT = dwarf;
				ENABLE_STRICT_OBJC_MSGSEND = YES;
				ENABLE_TESTABILITY = YES;
				GCC_C_LANGUAGE_STANDARD = gnu11;
				GCC_DYNAMIC_NO_PIC = NO;
				GCC_NO_COMMON_BLOCKS = YES;
				GCC_OPTIMIZATION_LEVEL = 0;
				GCC_PREPROCESSOR_DEFINITIONS = (
					"DEBUG=1",
					"$(inherited)",
				);
				GCC_WARN_64_TO_32_BIT_CONVERSION = YES;
				GCC_WARN_ABOUT_RETURN_TYPE = YES_ERROR;
				GCC_WARN_UNDECLARED_SELECTOR = YES;
				GCC_WARN_UNINITIALIZED_AUTOS = YES_AGGRESSIVE;
				GCC_WARN_UNUSED_FUNCTION = YES;
				GCC_WARN_UNUSED_VARIABLE = YES;
				IPHONEOS_DEPLOYMENT_TARGET = 16.2;
				MACOSX_DEPLOYMENT_TARGET = 13.0;
				MTL_ENABLE_DEBUG_INFO = INCLUDE_SOURCE;
				MTL_FAST_MATH = YES;
				ONLY_ACTIVE_ARCH = YES;
				SDKROOT = iphoneos;
				SWIFT_ACTIVE_COMPILATION_CONDITIONS = DEBUG;
				SWIFT_OPTIMIZATION_LEVEL = "-Onone";
			};
			name = Debug;
		};
		D5BE8FDF29AF309300B31F11 /* Release */ = {
			isa = XCBuildConfiguration;
			buildSettings = {
				ALWAYS_SEARCH_USER_PATHS = NO;
				CLANG_ANALYZER_NONNULL = YES;
				CLANG_ANALYZER_NUMBER_OBJECT_CONVERSION = YES_AGGRESSIVE;
				CLANG_CXX_LANGUAGE_STANDARD = "gnu++20";
				CLANG_ENABLE_MODULES = YES;
				CLANG_ENABLE_OBJC_ARC = YES;
				CLANG_ENABLE_OBJC_WEAK = YES;
				CLANG_WARN_BLOCK_CAPTURE_AUTORELEASING = YES;
				CLANG_WARN_BOOL_CONVERSION = YES;
				CLANG_WARN_COMMA = YES;
				CLANG_WARN_CONSTANT_CONVERSION = YES;
				CLANG_WARN_DEPRECATED_OBJC_IMPLEMENTATIONS = YES;
				CLANG_WARN_DIRECT_OBJC_ISA_USAGE = YES_ERROR;
				CLANG_WARN_DOCUMENTATION_COMMENTS = YES;
				CLANG_WARN_EMPTY_BODY = YES;
				CLANG_WARN_ENUM_CONVERSION = YES;
				CLANG_WARN_INFINITE_RECURSION = YES;
				CLANG_WARN_INT_CONVERSION = YES;
				CLANG_WARN_NON_LITERAL_NULL_CONVERSION = YES;
				CLANG_WARN_OBJC_IMPLICIT_RETAIN_SELF = YES;
				CLANG_WARN_OBJC_LITERAL_CONVERSION = YES;
				CLANG_WARN_OBJC_ROOT_CLASS = YES_ERROR;
				CLANG_WARN_QUOTED_INCLUDE_IN_FRAMEWORK_HEADER = YES;
				CLANG_WARN_RANGE_LOOP_ANALYSIS = YES;
				CLANG_WARN_STRICT_PROTOTYPES = YES;
				CLANG_WARN_SUSPICIOUS_MOVE = YES;
				CLANG_WARN_UNGUARDED_AVAILABILITY = YES_AGGRESSIVE;
				CLANG_WARN_UNREACHABLE_CODE = YES;
				CLANG_WARN__DUPLICATE_METHOD_MATCH = YES;
				COPY_PHASE_STRIP = NO;
				DEBUG_INFORMATION_FORMAT = "dwarf-with-dsym";
				ENABLE_NS_ASSERTIONS = NO;
				ENABLE_STRICT_OBJC_MSGSEND = YES;
				GCC_C_LANGUAGE_STANDARD = gnu11;
				GCC_NO_COMMON_BLOCKS = YES;
				GCC_WARN_64_TO_32_BIT_CONVERSION = YES;
				GCC_WARN_ABOUT_RETURN_TYPE = YES_ERROR;
				GCC_WARN_UNDECLARED_SELECTOR = YES;
				GCC_WARN_UNINITIALIZED_AUTOS = YES_AGGRESSIVE;
				GCC_WARN_UNUSED_FUNCTION = YES;
				GCC_WARN_UNUSED_VARIABLE = YES;
				IPHONEOS_DEPLOYMENT_TARGET = 16.2;
				MACOSX_DEPLOYMENT_TARGET = 13.0;
				MTL_ENABLE_DEBUG_INFO = NO;
				MTL_FAST_MATH = YES;
				SDKROOT = iphoneos;
				SWIFT_COMPILATION_MODE = wholemodule;
				SWIFT_OPTIMIZATION_LEVEL = "-O";
				VALIDATE_PRODUCT = YES;
			};
			name = Release;
		};
		D5BE8FE129AF309300B31F11 /* Debug */ = {
			isa = XCBuildConfiguration;
			buildSettings = {
				ASSETCATALOG_COMPILER_APPICON_NAME = AppIcon;
				ASSETCATALOG_COMPILER_GLOBAL_ACCENT_COLOR_NAME = AccentColor;
				CODE_SIGN_STYLE = Automatic;
				CURRENT_PROJECT_VERSION = 1;
				DEVELOPMENT_ASSET_PATHS = "\"Verb0seBoot/Preview Content\"";
				DEVELOPMENT_TEAM = 7383K6FXH6;
				ENABLE_PREVIEWS = YES;
				GENERATE_INFOPLIST_FILE = YES;
				INFOPLIST_FILE = Verb0seBoot/Info.plist;
				INFOPLIST_KEY_LSApplicationCategoryType = "public.app-category.utilities";
				INFOPLIST_KEY_UIApplicationSceneManifest_Generation = YES;
				INFOPLIST_KEY_UIApplicationSupportsIndirectInputEvents = YES;
				INFOPLIST_KEY_UILaunchScreen_Generation = YES;
				INFOPLIST_KEY_UISupportedInterfaceOrientations_iPad = "UIInterfaceOrientationPortrait UIInterfaceOrientationPortraitUpsideDown UIInterfaceOrientationLandscapeLeft UIInterfaceOrientationLandscapeRight";
				INFOPLIST_KEY_UISupportedInterfaceOrientations_iPhone = "UIInterfaceOrientationPortrait UIInterfaceOrientationLandscapeLeft UIInterfaceOrientationLandscapeRight";
				LD_RUNPATH_SEARCH_PATHS = (
					"$(inherited)",
					"@executable_path/Frameworks",
				);
				MARKETING_VERSION = 1.0;
				PRODUCT_BUNDLE_IDENTIFIER = NotHansCYDIa.Verb0seBoot;
				PRODUCT_NAME = "$(TARGET_NAME)";
				SUPPORTED_PLATFORMS = "iphoneos iphonesimulator";
				SUPPORTS_MACCATALYST = NO;
				SUPPORTS_MAC_DESIGNED_FOR_IPHONE_IPAD = YES;
				SWIFT_EMIT_LOC_STRINGS = YES;
				SWIFT_VERSION = 5.0;
				TARGETED_DEVICE_FAMILY = "1,2";
			};
			name = Debug;
		};
		D5BE8FE229AF309300B31F11 /* Release */ = {
			isa = XCBuildConfiguration;
			buildSettings = {
				ASSETCATALOG_COMPILER_APPICON_NAME = AppIcon;
				ASSETCATALOG_COMPILER_GLOBAL_ACCENT_COLOR_NAME = AccentColor;
				CODE_SIGN_STYLE = Automatic;
				CURRENT_PROJECT_VERSION = 1;
				DEVELOPMENT_ASSET_PATHS = "\"Verb0seBoot/Preview Content\"";
				DEVELOPMENT_TEAM = 7383K6FXH6;
				ENABLE_PREVIEWS = YES;
				GENERATE_INFOPLIST_FILE = YES;
				INFOPLIST_FILE = Verb0seBoot/Info.plist;
				INFOPLIST_KEY_LSApplicationCategoryType = "public.app-category.utilities";
				INFOPLIST_KEY_UIApplicationSceneManifest_Generation = YES;
				INFOPLIST_KEY_UIApplicationSupportsIndirectInputEvents = YES;
				INFOPLIST_KEY_UILaunchScreen_Generation = YES;
				INFOPLIST_KEY_UISupportedInterfaceOrientations_iPad = "UIInterfaceOrientationPortrait UIInterfaceOrientationPortraitUpsideDown UIInterfaceOrientationLandscapeLeft UIInterfaceOrientationLandscapeRight";
				INFOPLIST_KEY_UISupportedInterfaceOrientations_iPhone = "UIInterfaceOrientationPortrait UIInterfaceOrientationLandscapeLeft UIInterfaceOrientationLandscapeRight";
				LD_RUNPATH_SEARCH_PATHS = (
					"$(inherited)",
					"@executable_path/Frameworks",
				);
				MARKETING_VERSION = 1.0;
				PRODUCT_BUNDLE_IDENTIFIER = NotHansCYDIa.Verb0seBoot;
				PRODUCT_NAME = "$(TARGET_NAME)";
				SUPPORTED_PLATFORMS = "iphoneos iphonesimulator";
				SUPPORTS_MACCATALYST = NO;
				SUPPORTS_MAC_DESIGNED_FOR_IPHONE_IPAD = YES;
				SWIFT_EMIT_LOC_STRINGS = YES;
				SWIFT_VERSION = 5.0;
				TARGETED_DEVICE_FAMILY = "1,2";
			};
			name = Release;
		};
		D5BE8FE429AF309300B31F11 /* Debug */ = {
			isa = XCBuildConfiguration;
			buildSettings = {
				ALWAYS_EMBED_SWIFT_STANDARD_LIBRARIES = YES;
				BUNDLE_LOADER = "$(TEST_HOST)";
				CODE_SIGN_STYLE = Automatic;
				CURRENT_PROJECT_VERSION = 1;
				DEVELOPMENT_TEAM = 7383K6FXH6;
				GENERATE_INFOPLIST_FILE = YES;
				IPHONEOS_DEPLOYMENT_TARGET = 16.2;
				MARKETING_VERSION = 1.0;
				PRODUCT_BUNDLE_IDENTIFIER = NotHansCYDIa.Verb0seBootTests;
				PRODUCT_NAME = "$(TARGET_NAME)";
				SWIFT_EMIT_LOC_STRINGS = NO;
				SWIFT_VERSION = 5.0;
				TARGETED_DEVICE_FAMILY = "1,2";
				TEST_HOST = "$(BUILT_PRODUCTS_DIR)/Verb0seBoot.app/$(BUNDLE_EXECUTABLE_FOLDER_PATH)/Verb0seBoot";
			};
			name = Debug;
		};
		D5BE8FE529AF309300B31F11 /* Release */ = {
			isa = XCBuildConfiguration;
			buildSettings = {
				ALWAYS_EMBED_SWIFT_STANDARD_LIBRARIES = YES;
				BUNDLE_LOADER = "$(TEST_HOST)";
				CODE_SIGN_STYLE = Automatic;
				CURRENT_PROJECT_VERSION = 1;
				DEVELOPMENT_TEAM = 7383K6FXH6;
				GENERATE_INFOPLIST_FILE = YES;
				IPHONEOS_DEPLOYMENT_TARGET = 16.2;
				MARKETING_VERSION = 1.0;
				PRODUCT_BUNDLE_IDENTIFIER = NotHansCYDIa.Verb0seBootTests;
				PRODUCT_NAME = "$(TARGET_NAME)";
				SWIFT_EMIT_LOC_STRINGS = NO;
				SWIFT_VERSION = 5.0;
				TARGETED_DEVICE_FAMILY = "1,2";
				TEST_HOST = "$(BUILT_PRODUCTS_DIR)/Verb0seBoot.app/$(BUNDLE_EXECUTABLE_FOLDER_PATH)/Verb0seBoot";
			};
			name = Release;
		};
		D5BE8FE729AF309300B31F11 /* Debug */ = {
			isa = XCBuildConfiguration;
			buildSettings = {
				ALWAYS_EMBED_SWIFT_STANDARD_LIBRARIES = YES;
				CODE_SIGN_STYLE = Automatic;
				CURRENT_PROJECT_VERSION = 1;
				DEVELOPMENT_TEAM = 7383K6FXH6;
				GENERATE_INFOPLIST_FILE = YES;
				MARKETING_VERSION = 1.0;
				PRODUCT_BUNDLE_IDENTIFIER = NotHansCYDIa.Verb0seBootUITests;
				PRODUCT_NAME = "$(TARGET_NAME)";
				SWIFT_EMIT_LOC_STRINGS = NO;
				SWIFT_VERSION = 5.0;
				TARGETED_DEVICE_FAMILY = "1,2";
				TEST_TARGET_NAME = Verb0seBoot;
			};
			name = Debug;
		};
		D5BE8FE829AF309300B31F11 /* Release */ = {
			isa = XCBuildConfiguration;
			buildSettings = {
				ALWAYS_EMBED_SWIFT_STANDARD_LIBRARIES = YES;
				CODE_SIGN_STYLE = Automatic;
				CURRENT_PROJECT_VERSION = 1;
				DEVELOPMENT_TEAM = 7383K6FXH6;
				GENERATE_INFOPLIST_FILE = YES;
				MARKETING_VERSION = 1.0;
				PRODUCT_BUNDLE_IDENTIFIER = NotHansCYDIa.Verb0seBootUITests;
				PRODUCT_NAME = "$(TARGET_NAME)";
				SWIFT_EMIT_LOC_STRINGS = NO;
				SWIFT_VERSION = 5.0;
				TARGETED_DEVICE_FAMILY = "1,2";
				TEST_TARGET_NAME = Verb0seBoot;
			};
			name = Release;
		};
/* End XCBuildConfiguration section */

/* Begin XCConfigurationList section */
		D5BE8FB729AF309100B31F11 /* Build configuration list for PBXProject "Verb0seBoot" */ = {
			isa = XCConfigurationList;
			buildConfigurations = (
				D5BE8FDE29AF309300B31F11 /* Debug */,
				D5BE8FDF29AF309300B31F11 /* Release */,
			);
			defaultConfigurationIsVisible = 0;
			defaultConfigurationName = Release;
		};
		D5BE8FE029AF309300B31F11 /* Build configuration list for PBXNativeTarget "Verb0seBoot" */ = {
			isa = XCConfigurationList;
			buildConfigurations = (
				D5BE8FE129AF309300B31F11 /* Debug */,
				D5BE8FE229AF309300B31F11 /* Release */,
			);
			defaultConfigurationIsVisible = 0;
			defaultConfigurationName = Release;
		};
		D5BE8FE329AF309300B31F11 /* Build configuration list for PBXNativeTarget "Verb0seBootTests" */ = {
			isa = XCConfigurationList;
			buildConfigurations = (
				D5BE8FE429AF309300B31F11 /* Debug */,
				D5BE8FE529AF309300B31F11 /* Release */,
			);
			defaultConfigurationIsVisible = 0;
			defaultConfigurationName = Release;
		};
		D5BE8FE629AF309300B31F11 /* Build configuration list for PBXNativeTarget "Verb0seBootUITests" */ = {
			isa = XCConfigurationList;
			buildConfigurations = (
				D5BE8FE729AF309300B31F11 /* Debug */,
				D5BE8FE829AF309300B31F11 /* Release */,
			);
			defaultConfigurationIsVisible = 0;
			defaultConfigurationName = Release;
		};
/* End XCConfigurationList section */
	};
	rootObject = D5BE8FB429AF309100B31F11 /* Project object */;
}
